github.com/Azure/azure-pipeline-go v0.2.1 h1:OLBdZJ3yvOn2MezlWvbrBMTEUQC72zAftRZOMdj5HYo=
github.com/Azure/azure-pipeline-go v0.2.1/go.mod h1:UGSo8XybXnIGZ3epmeBw7Jdz+HiUVpqIlpz/HKHylF4=
github.com/kr/pretty v0.1.0 h1:L/CwN0zerZDmRFUapSPitk6f+Q3+0za1rQkzVuMiMFI=
github.com/kr/pretty v0.1.0/go.mod h1:dAy3ld7l9f0ibDNOQOHHMYYIIbhfbHSm3C4ZsoJORNo=
github.com/kr/pty v1.1.1/go.mod h1:pFQYn66WHrOpPYNljwOMqo10TkYh1fy3cYio2l3bCsQ=
github.com/kr/text v0.1.0 h1:45sCR5RtlFHMR4UwH9sdQ5TC8v0qDQCHnXt+kaKSTVE=
github.com/kr/text v0.1.0/go.mod h1:4Jbv+DJW3UT/LiOwJeYQe1efqtUx/iVham/4vfdArNI=
github.com/mattn/go-ieproxy v0.0.0-20190610004146-91bb50d98149 h1:HfxbT6/JcvIljmERptWhwa8XzP7H3T+Z2N26gTsaDaA=
github.com/mattn/go-ieproxy v0.0.0-20190610004146-91bb50d98149/go.mod h1:31jz6HNzdxOmlERGGEc4v/dMssOfmp2p5bT/okiKFFc=
gopkg.in/check.v1 v1.0.0-20180628173108-788fd7840127 h1:qIbj1fsPNlZgppZ+VLlY7N33q108Sa+fhmuc+sWQYwY=
gopkg.in/check.v1 v1.0.0-20180628173108-788fd7840127/go.mod h1:Co6ibVJAznAaIkqp8huTwlJQCZ016jof/cbN4VW5Yz0=
