github.com/mattn/go-ieproxy v0.0.0-20190610004146-91bb50d98149 h1:HfxbT6/JcvIljmERptWhwa8XzP7H3T+Z2N26gTsaDaA=
github.com/mattn/go-ieproxy v0.0.0-20190610004146-91bb50d98149/go.mod h1:31jz6HNzdxOmlERGGEc4v/dMssOfmp2p5bT/okiKFFc=
github.com/mattn/go-ieproxy v0.0.0-20190702010315-6dee0af9227d h1:oNAwILwmgWKFpuU+dXvI6dl9jG2mAWAZLX3r9s0PPiw=
github.com/mattn/go-ieproxy v0.0.0-20190702010315-6dee0af9227d/go.mod h1:31jz6HNzdxOmlERGGEc4v/dMssOfmp2p5bT/okiKFFc=
